// !$*UTF8*$!
{
	archiveVersion = 1;
	classes = {
	};
	objectVersion = 46;
	objects = {

/* Begin PBXBuildFile section */
		691C18451A5703FA001C3FA4 /* MSSettingsViewController.m in Sources */ = {isa = PBXBuildFile; fileRef = 691C18441A5703FA001C3FA4 /* MSSettingsViewController.m */; };
		6935D15C1A53E7A800BCE45F /* main.m in Sources */ = {isa = PBXBuildFile; fileRef = 6935D15B1A53E7A800BCE45F /* main.m */; };
		6935D15F1A53E7A800BCE45F /* AppDelegate.m in Sources */ = {isa = PBXBuildFile; fileRef = 6935D15E1A53E7A800BCE45F /* AppDelegate.m */; };
		6935D1671A53E7A800BCE45F /* Images.xcassets in Resources */ = {isa = PBXBuildFile; fileRef = 6935D1661A53E7A800BCE45F /* Images.xcassets */; };
		6935D16A1A53E7A800BCE45F /* LaunchScreen.xib in Resources */ = {isa = PBXBuildFile; fileRef = 6935D1681A53E7A800BCE45F /* LaunchScreen.xib */; };
		6935D1761A53E7A800BCE45F /* MineSweeperTests.m in Sources */ = {isa = PBXBuildFile; fileRef = 6935D1751A53E7A800BCE45F /* MineSweeperTests.m */; };
		6935D1831A53E81B00BCE45F /* MSMass.m in Sources */ = {isa = PBXBuildFile; fileRef = 6935D1821A53E81B00BCE45F /* MSMass.m */; };
		6935D1871A53E8A400BCE45F /* MSConstants.m in Sources */ = {isa = PBXBuildFile; fileRef = 6935D1861A53E8A400BCE45F /* MSConstants.m */; };
		6935D18A1A53EA2900BCE45F /* MSMassManager.m in Sources */ = {isa = PBXBuildFile; fileRef = 6935D1891A53EA2900BCE45F /* MSMassManager.m */; };
		6935D18D1A53EBF400BCE45F /* MSStartViewController.m in Sources */ = {isa = PBXBuildFile; fileRef = 6935D18C1A53EBF400BCE45F /* MSStartViewController.m */; };
		6935D1901A53EC0500BCE45F /* MSPlayViewController.m in Sources */ = {isa = PBXBuildFile; fileRef = 6935D18F1A53EC0500BCE45F /* MSPlayViewController.m */; };
		693D769C1A59312B00E50DA7 /* Social.framework in Frameworks */ = {isa = PBXBuildFile; fileRef = 693D769B1A59312B00E50DA7 /* Social.framework */; };
		69619B8A1A59717D00CEBA44 /* ImobileSdkAds.framework in Frameworks */ = {isa = PBXBuildFile; fileRef = 69619B891A59717D00CEBA44 /* ImobileSdkAds.framework */; };
		69619B8C1A59719D00CEBA44 /* SystemConfiguration.framework in Frameworks */ = {isa = PBXBuildFile; fileRef = 69619B8B1A59719D00CEBA44 /* SystemConfiguration.framework */; };
		69619B8E1A5971A400CEBA44 /* AdSupport.framework in Frameworks */ = {isa = PBXBuildFile; fileRef = 69619B8D1A5971A400CEBA44 /* AdSupport.framework */; settings = {ATTRIBUTES = (Weak, ); }; };
		69619B901A5971AE00CEBA44 /* CoreLocation.framework in Frameworks */ = {isa = PBXBuildFile; fileRef = 69619B8F1A5971AE00CEBA44 /* CoreLocation.framework */; };
		69619B921A597FAD00CEBA44 /* libAdapterIMobile.a in Frameworks */ = {isa = PBXBuildFile; fileRef = 69619B911A597FAD00CEBA44 /* libAdapterIMobile.a */; };
		69783DEB1A579AB300DE1EE8 /* MSSettings.storyboard in Resources */ = {isa = PBXBuildFile; fileRef = 69783DEA1A579AB300DE1EE8 /* MSSettings.storyboard */; };
		69783DEF1A57F2CA00DE1EE8 /* MSStart.storyboard in Resources */ = {isa = PBXBuildFile; fileRef = 69783DEE1A57F2CA00DE1EE8 /* MSStart.storyboard */; };
		733546554A5899C50A4CBC1C /* libPods.a in Frameworks */ = {isa = PBXBuildFile; fileRef = 921F9F9983A8615E07D11709 /* libPods.a */; };
/* End PBXBuildFile section */

/* Begin PBXContainerItemProxy section */
		6935D1701A53E7A800BCE45F /* PBXContainerItemProxy */ = {
			isa = PBXContainerItemProxy;
			containerPortal = 6935D14E1A53E7A800BCE45F /* Project object */;
			proxyType = 1;
			remoteGlobalIDString = 6935D1551A53E7A800BCE45F;
			remoteInfo = MineSweeper;
		};
/* End PBXContainerItemProxy section */

/* Begin PBXFileReference section */
		30C2A0FEFCD6A0021794EED8 /* Pods.release.xcconfig */ = {isa = PBXFileReference; includeInIndex = 1; lastKnownFileType = text.xcconfig; name = Pods.release.xcconfig; path = "Pods/Target Support Files/Pods/Pods.release.xcconfig"; sourceTree = "<group>"; };
		5BF46FDD43E4E77BE909263C /* Pods.debug.xcconfig */ = {isa = PBXFileReference; includeInIndex = 1; lastKnownFileType = text.xcconfig; name = Pods.debug.xcconfig; path = "Pods/Target Support Files/Pods/Pods.debug.xcconfig"; sourceTree = "<group>"; };
		691C18431A5703FA001C3FA4 /* MSSettingsViewController.h */ = {isa = PBXFileReference; fileEncoding = 4; lastKnownFileType = sourcecode.c.h; path = MSSettingsViewController.h; sourceTree = "<group>"; };
		691C18441A5703FA001C3FA4 /* MSSettingsViewController.m */ = {isa = PBXFileReference; fileEncoding = 4; lastKnownFileType = sourcecode.c.objc; path = MSSettingsViewController.m; sourceTree = "<group>"; };
		6935D1561A53E7A800BCE45F /* MineSweeper.app */ = {isa = PBXFileReference; explicitFileType = wrapper.application; includeInIndex = 0; path = MineSweeper.app; sourceTree = BUILT_PRODUCTS_DIR; };
		6935D15A1A53E7A800BCE45F /* Info.plist */ = {isa = PBXFileReference; lastKnownFileType = text.plist.xml; path = Info.plist; sourceTree = "<group>"; };
		6935D15B1A53E7A800BCE45F /* main.m */ = {isa = PBXFileReference; lastKnownFileType = sourcecode.c.objc; path = main.m; sourceTree = "<group>"; };
		6935D15D1A53E7A800BCE45F /* AppDelegate.h */ = {isa = PBXFileReference; lastKnownFileType = sourcecode.c.h; path = AppDelegate.h; sourceTree = "<group>"; };
		6935D15E1A53E7A800BCE45F /* AppDelegate.m */ = {isa = PBXFileReference; lastKnownFileType = sourcecode.c.objc; path = AppDelegate.m; sourceTree = "<group>"; };
		6935D1661A53E7A800BCE45F /* Images.xcassets */ = {isa = PBXFileReference; lastKnownFileType = folder.assetcatalog; path = Images.xcassets; sourceTree = "<group>"; };
		6935D1691A53E7A800BCE45F /* Base */ = {isa = PBXFileReference; lastKnownFileType = file.xib; name = Base; path = Base.lproj/LaunchScreen.xib; sourceTree = "<group>"; };
		6935D16F1A53E7A800BCE45F /* MineSweeperTests.xctest */ = {isa = PBXFileReference; explicitFileType = wrapper.cfbundle; includeInIndex = 0; path = MineSweeperTests.xctest; sourceTree = BUILT_PRODUCTS_DIR; };
		6935D1741A53E7A800BCE45F /* Info.plist */ = {isa = PBXFileReference; lastKnownFileType = text.plist.xml; path = Info.plist; sourceTree = "<group>"; };
		6935D1751A53E7A800BCE45F /* MineSweeperTests.m */ = {isa = PBXFileReference; lastKnownFileType = sourcecode.c.objc; path = MineSweeperTests.m; sourceTree = "<group>"; };
		6935D1811A53E81B00BCE45F /* MSMass.h */ = {isa = PBXFileReference; fileEncoding = 4; lastKnownFileType = sourcecode.c.h; path = MSMass.h; sourceTree = "<group>"; };
		6935D1821A53E81B00BCE45F /* MSMass.m */ = {isa = PBXFileReference; fileEncoding = 4; lastKnownFileType = sourcecode.c.objc; path = MSMass.m; sourceTree = "<group>"; };
		6935D1851A53E8A400BCE45F /* MSConstants.h */ = {isa = PBXFileReference; fileEncoding = 4; lastKnownFileType = sourcecode.c.h; path = MSConstants.h; sourceTree = "<group>"; };
		6935D1861A53E8A400BCE45F /* MSConstants.m */ = {isa = PBXFileReference; fileEncoding = 4; lastKnownFileType = sourcecode.c.objc; path = MSConstants.m; sourceTree = "<group>"; };
		6935D1881A53EA2900BCE45F /* MSMassManager.h */ = {isa = PBXFileReference; fileEncoding = 4; lastKnownFileType = sourcecode.c.h; path = MSMassManager.h; sourceTree = "<group>"; };
		6935D1891A53EA2900BCE45F /* MSMassManager.m */ = {isa = PBXFileReference; fileEncoding = 4; lastKnownFileType = sourcecode.c.objc; path = MSMassManager.m; sourceTree = "<group>"; };
		6935D18B1A53EBF400BCE45F /* MSStartViewController.h */ = {isa = PBXFileReference; fileEncoding = 4; lastKnownFileType = sourcecode.c.h; path = MSStartViewController.h; sourceTree = "<group>"; };
		6935D18C1A53EBF400BCE45F /* MSStartViewController.m */ = {isa = PBXFileReference; fileEncoding = 4; lastKnownFileType = sourcecode.c.objc; path = MSStartViewController.m; sourceTree = "<group>"; };
		6935D18E1A53EC0500BCE45F /* MSPlayViewController.h */ = {isa = PBXFileReference; fileEncoding = 4; lastKnownFileType = sourcecode.c.h; path = MSPlayViewController.h; sourceTree = "<group>"; };
		6935D18F1A53EC0500BCE45F /* MSPlayViewController.m */ = {isa = PBXFileReference; fileEncoding = 4; lastKnownFileType = sourcecode.c.objc; path = MSPlayViewController.m; sourceTree = "<group>"; };
		693D769B1A59312B00E50DA7 /* Social.framework */ = {isa = PBXFileReference; lastKnownFileType = wrapper.framework; name = Social.framework; path = System/Library/Frameworks/Social.framework; sourceTree = SDKROOT; };
		69619B891A59717D00CEBA44 /* ImobileSdkAds.framework */ = {isa = PBXFileReference; lastKnownFileType = wrapper.framework; path = ImobileSdkAds.framework; sourceTree = "<group>"; };
		69619B8B1A59719D00CEBA44 /* SystemConfiguration.framework */ = {isa = PBXFileReference; lastKnownFileType = wrapper.framework; name = SystemConfiguration.framework; path = System/Library/Frameworks/SystemConfiguration.framework; sourceTree = SDKROOT; };
		69619B8D1A5971A400CEBA44 /* AdSupport.framework */ = {isa = PBXFileReference; lastKnownFileType = wrapper.framework; name = AdSupport.framework; path = System/Library/Frameworks/AdSupport.framework; sourceTree = SDKROOT; };
		69619B8F1A5971AE00CEBA44 /* CoreLocation.framework */ = {isa = PBXFileReference; lastKnownFileType = wrapper.framework; name = CoreLocation.framework; path = System/Library/Frameworks/CoreLocation.framework; sourceTree = SDKROOT; };
		69619B911A597FAD00CEBA44 /* libAdapterIMobile.a */ = {isa = PBXFileReference; lastKnownFileType = archive.ar; path = libAdapterIMobile.a; sourceTree = "<group>"; };
		69783DEA1A579AB300DE1EE8 /* MSSettings.storyboard */ = {isa = PBXFileReference; fileEncoding = 4; lastKnownFileType = file.storyboard; path = MSSettings.storyboard; sourceTree = "<group>"; };
		69783DEE1A57F2CA00DE1EE8 /* MSStart.storyboard */ = {isa = PBXFileReference; fileEncoding = 4; lastKnownFileType = file.storyboard; path = MSStart.storyboard; sourceTree = "<group>"; };
		921F9F9983A8615E07D11709 /* libPods.a */ = {isa = PBXFileReference; explicitFileType = archive.ar; includeInIndex = 0; path = libPods.a; sourceTree = BUILT_PRODUCTS_DIR; };
/* End PBXFileReference section */

/* Begin PBXFrameworksBuildPhase section */
		6935D1531A53E7A800BCE45F /* Frameworks */ = {
			isa = PBXFrameworksBuildPhase;
			buildActionMask = 2147483647;
			files = (
				69619B901A5971AE00CEBA44 /* CoreLocation.framework in Frameworks */,
				69619B8E1A5971A400CEBA44 /* AdSupport.framework in Frameworks */,
				69619B8C1A59719D00CEBA44 /* SystemConfiguration.framework in Frameworks */,
				69619B8A1A59717D00CEBA44 /* ImobileSdkAds.framework in Frameworks */,
				693D769C1A59312B00E50DA7 /* Social.framework in Frameworks */,
				733546554A5899C50A4CBC1C /* libPods.a in Frameworks */,
				69619B921A597FAD00CEBA44 /* libAdapterIMobile.a in Frameworks */,
			);
			runOnlyForDeploymentPostprocessing = 0;
		};
		6935D16C1A53E7A800BCE45F /* Frameworks */ = {
			isa = PBXFrameworksBuildPhase;
			buildActionMask = 2147483647;
			files = (
			);
			runOnlyForDeploymentPostprocessing = 0;
		};
/* End PBXFrameworksBuildPhase section */

/* Begin PBXGroup section */
		0A53B95299CE150015FC4760 /* Pods */ = {
			isa = PBXGroup;
			children = (
				5BF46FDD43E4E77BE909263C /* Pods.debug.xcconfig */,
				30C2A0FEFCD6A0021794EED8 /* Pods.release.xcconfig */,
			);
			name = Pods;
			sourceTree = "<group>";
		};
		691C18421A5703E8001C3FA4 /* Settings */ = {
			isa = PBXGroup;
			children = (
				691C18431A5703FA001C3FA4 /* MSSettingsViewController.h */,
				691C18441A5703FA001C3FA4 /* MSSettingsViewController.m */,
				69783DEA1A579AB300DE1EE8 /* MSSettings.storyboard */,
			);
			name = Settings;
			sourceTree = "<group>";
		};
		6935D14D1A53E7A800BCE45F = {
			isa = PBXGroup;
			children = (
				693D769B1A59312B00E50DA7 /* Social.framework */,
				6935D1581A53E7A800BCE45F /* MineSweeper */,
				6935D1721A53E7A800BCE45F /* MineSweeperTests */,
				6935D1571A53E7A800BCE45F /* Products */,
				0A53B95299CE150015FC4760 /* Pods */,
				E60410E587FFED8C0E4BE47F /* Frameworks */,
			);
			sourceTree = "<group>";
		};
		6935D1571A53E7A800BCE45F /* Products */ = {
			isa = PBXGroup;
			children = (
				6935D1561A53E7A800BCE45F /* MineSweeper.app */,
				6935D16F1A53E7A800BCE45F /* MineSweeperTests.xctest */,
			);
			name = Products;
			sourceTree = "<group>";
		};
		6935D1581A53E7A800BCE45F /* MineSweeper */ = {
			isa = PBXGroup;
			children = (
				6935D1841A53E87900BCE45F /* Utils */,
				6935D1801A53E7D200BCE45F /* Model */,
				6935D17F1A53E7C100BCE45F /* ViewController */,
				6935D15D1A53E7A800BCE45F /* AppDelegate.h */,
				6935D15E1A53E7A800BCE45F /* AppDelegate.m */,
				6935D1661A53E7A800BCE45F /* Images.xcassets */,
				6935D1681A53E7A800BCE45F /* LaunchScreen.xib */,
				6935D1591A53E7A800BCE45F /* Supporting Files */,
			);
			path = MineSweeper;
			sourceTree = "<group>";
		};
		6935D1591A53E7A800BCE45F /* Supporting Files */ = {
			isa = PBXGroup;
			children = (
				6935D15A1A53E7A800BCE45F /* Info.plist */,
				6935D15B1A53E7A800BCE45F /* main.m */,
			);
			name = "Supporting Files";
			sourceTree = "<group>";
		};
		6935D1721A53E7A800BCE45F /* MineSweeperTests */ = {
			isa = PBXGroup;
			children = (
				6935D1751A53E7A800BCE45F /* MineSweeperTests.m */,
				6935D1731A53E7A800BCE45F /* Supporting Files */,
			);
			path = MineSweeperTests;
			sourceTree = "<group>";
		};
		6935D1731A53E7A800BCE45F /* Supporting Files */ = {
			isa = PBXGroup;
			children = (
				6935D1741A53E7A800BCE45F /* Info.plist */,
			);
			name = "Supporting Files";
			sourceTree = "<group>";
		};
		6935D17F1A53E7C100BCE45F /* ViewController */ = {
			isa = PBXGroup;
			children = (
				6935D1921A53EC2100BCE45F /* Play */,
				691C18421A5703E8001C3FA4 /* Settings */,
				6935D1911A53EC1000BCE45F /* Start */,
			);
			name = ViewController;
			sourceTree = "<group>";
		};
		6935D1801A53E7D200BCE45F /* Model */ = {
			isa = PBXGroup;
			children = (
				6935D1811A53E81B00BCE45F /* MSMass.h */,
				6935D1821A53E81B00BCE45F /* MSMass.m */,
				6935D1881A53EA2900BCE45F /* MSMassManager.h */,
				6935D1891A53EA2900BCE45F /* MSMassManager.m */,
			);
			name = Model;
			sourceTree = "<group>";
		};
		6935D1841A53E87900BCE45F /* Utils */ = {
			isa = PBXGroup;
			children = (
				6935D1851A53E8A400BCE45F /* MSConstants.h */,
				6935D1861A53E8A400BCE45F /* MSConstants.m */,
			);
			name = Utils;
			sourceTree = "<group>";
		};
		6935D1911A53EC1000BCE45F /* Start */ = {
			isa = PBXGroup;
			children = (
				6935D18B1A53EBF400BCE45F /* MSStartViewController.h */,
				6935D18C1A53EBF400BCE45F /* MSStartViewController.m */,
				69783DEE1A57F2CA00DE1EE8 /* MSStart.storyboard */,
			);
			name = Start;
			sourceTree = "<group>";
		};
		6935D1921A53EC2100BCE45F /* Play */ = {
			isa = PBXGroup;
			children = (
				6935D18E1A53EC0500BCE45F /* MSPlayViewController.h */,
				6935D18F1A53EC0500BCE45F /* MSPlayViewController.m */,
			);
			name = Play;
			sourceTree = "<group>";
		};
		E60410E587FFED8C0E4BE47F /* Frameworks */ = {
			isa = PBXGroup;
			children = (
				69619B911A597FAD00CEBA44 /* libAdapterIMobile.a */,
				69619B8F1A5971AE00CEBA44 /* CoreLocation.framework */,
				69619B8D1A5971A400CEBA44 /* AdSupport.framework */,
				69619B8B1A59719D00CEBA44 /* SystemConfiguration.framework */,
				69619B891A59717D00CEBA44 /* ImobileSdkAds.framework */,
				921F9F9983A8615E07D11709 /* libPods.a */,
			);
			name = Frameworks;
			sourceTree = "<group>";
		};
/* End PBXGroup section */

/* Begin PBXNativeTarget section */
		6935D1551A53E7A800BCE45F /* MineSweeper */ = {
			isa = PBXNativeTarget;
			buildConfigurationList = 6935D1791A53E7A800BCE45F /* Build configuration list for PBXNativeTarget "MineSweeper" */;
			buildPhases = (
				D10DC2F7078256A197F9806E /* Check Pods Manifest.lock */,
				6935D1521A53E7A800BCE45F /* Sources */,
				6935D1531A53E7A800BCE45F /* Frameworks */,
				6935D1541A53E7A800BCE45F /* Resources */,
				64992C33249CBDA9F57AD181 /* Copy Pods Resources */,
			);
			buildRules = (
			);
			dependencies = (
			);
			name = MineSweeper;
			productName = MineSweeper;
			productReference = 6935D1561A53E7A800BCE45F /* MineSweeper.app */;
			productType = "com.apple.product-type.application";
		};
		6935D16E1A53E7A800BCE45F /* MineSweeperTests */ = {
			isa = PBXNativeTarget;
			buildConfigurationList = 6935D17C1A53E7A800BCE45F /* Build configuration list for PBXNativeTarget "MineSweeperTests" */;
			buildPhases = (
				6935D16B1A53E7A800BCE45F /* Sources */,
				6935D16C1A53E7A800BCE45F /* Frameworks */,
				6935D16D1A53E7A800BCE45F /* Resources */,
			);
			buildRules = (
			);
			dependencies = (
				6935D1711A53E7A800BCE45F /* PBXTargetDependency */,
			);
			name = MineSweeperTests;
			productName = MineSweeperTests;
			productReference = 6935D16F1A53E7A800BCE45F /* MineSweeperTests.xctest */;
			productType = "com.apple.product-type.bundle.unit-test";
		};
/* End PBXNativeTarget section */

/* Begin PBXProject section */
		6935D14E1A53E7A800BCE45F /* Project object */ = {
			isa = PBXProject;
			attributes = {
				LastUpgradeCheck = 0610;
				ORGANIZATIONNAME = SatoDaisuke;
				TargetAttributes = {
					6935D1551A53E7A800BCE45F = {
						CreatedOnToolsVersion = 6.1.1;
						DevelopmentTeam = 9S2W4C6VNX;
					};
					6935D16E1A53E7A800BCE45F = {
						CreatedOnToolsVersion = 6.1.1;
						DevelopmentTeam = 9S2W4C6VNX;
						TestTargetID = 6935D1551A53E7A800BCE45F;
					};
				};
			};
			buildConfigurationList = 6935D1511A53E7A800BCE45F /* Build configuration list for PBXProject "MineSweeper" */;
			compatibilityVersion = "Xcode 3.2";
			developmentRegion = English;
			hasScannedForEncodings = 0;
			knownRegions = (
				en,
				Base,
			);
			mainGroup = 6935D14D1A53E7A800BCE45F;
			productRefGroup = 6935D1571A53E7A800BCE45F /* Products */;
			projectDirPath = "";
			projectRoot = "";
			targets = (
				6935D1551A53E7A800BCE45F /* MineSweeper */,
				6935D16E1A53E7A800BCE45F /* MineSweeperTests */,
			);
		};
/* End PBXProject section */

/* Begin PBXResourcesBuildPhase section */
		6935D1541A53E7A800BCE45F /* Resources */ = {
			isa = PBXResourcesBuildPhase;
			buildActionMask = 2147483647;
			files = (
				69783DEF1A57F2CA00DE1EE8 /* MSStart.storyboard in Resources */,
				69783DEB1A579AB300DE1EE8 /* MSSettings.storyboard in Resources */,
				6935D16A1A53E7A800BCE45F /* LaunchScreen.xib in Resources */,
				6935D1671A53E7A800BCE45F /* Images.xcassets in Resources */,
			);
			runOnlyForDeploymentPostprocessing = 0;
		};
		6935D16D1A53E7A800BCE45F /* Resources */ = {
			isa = PBXResourcesBuildPhase;
			buildActionMask = 2147483647;
			files = (
			);
			runOnlyForDeploymentPostprocessing = 0;
		};
/* End PBXResourcesBuildPhase section */

/* Begin PBXShellScriptBuildPhase section */
		64992C33249CBDA9F57AD181 /* Copy Pods Resources */ = {
			isa = PBXShellScriptBuildPhase;
			buildActionMask = 2147483647;
			files = (
			);
			inputPaths = (
			);
			name = "Copy Pods Resources";
			outputPaths = (
			);
			runOnlyForDeploymentPostprocessing = 0;
			shellPath = /bin/sh;
			shellScript = "\"${SRCROOT}/Pods/Target Support Files/Pods/Pods-resources.sh\"\n";
			showEnvVarsInLog = 0;
		};
		D10DC2F7078256A197F9806E /* Check Pods Manifest.lock */ = {
			isa = PBXShellScriptBuildPhase;
			buildActionMask = 2147483647;
			files = (
			);
			inputPaths = (
			);
			name = "Check Pods Manifest.lock";
			outputPaths = (
			);
			runOnlyForDeploymentPostprocessing = 0;
			shellPath = /bin/sh;
			shellScript = "diff \"${PODS_ROOT}/../Podfile.lock\" \"${PODS_ROOT}/Manifest.lock\" > /dev/null\nif [[ $? != 0 ]] ; then\n    cat << EOM\nerror: The sandbox is not in sync with the Podfile.lock. Run 'pod install' or update your CocoaPods installation.\nEOM\n    exit 1\nfi\n";
			showEnvVarsInLog = 0;
		};
/* End PBXShellScriptBuildPhase section */

/* Begin PBXSourcesBuildPhase section */
		6935D1521A53E7A800BCE45F /* Sources */ = {
			isa = PBXSourcesBuildPhase;
			buildActionMask = 2147483647;
			files = (
				6935D1901A53EC0500BCE45F /* MSPlayViewController.m in Sources */,
				691C18451A5703FA001C3FA4 /* MSSettingsViewController.m in Sources */,
				6935D15F1A53E7A800BCE45F /* AppDelegate.m in Sources */,
				6935D1871A53E8A400BCE45F /* MSConstants.m in Sources */,
				6935D18A1A53EA2900BCE45F /* MSMassManager.m in Sources */,
				6935D15C1A53E7A800BCE45F /* main.m in Sources */,
				6935D1831A53E81B00BCE45F /* MSMass.m in Sources */,
				6935D18D1A53EBF400BCE45F /* MSStartViewController.m in Sources */,
			);
			runOnlyForDeploymentPostprocessing = 0;
		};
		6935D16B1A53E7A800BCE45F /* Sources */ = {
			isa = PBXSourcesBuildPhase;
			buildActionMask = 2147483647;
			files = (
				6935D1761A53E7A800BCE45F /* MineSweeperTests.m in Sources */,
			);
			runOnlyForDeploymentPostprocessing = 0;
		};
/* End PBXSourcesBuildPhase section */

/* Begin PBXTargetDependency section */
		6935D1711A53E7A800BCE45F /* PBXTargetDependency */ = {
			isa = PBXTargetDependency;
			target = 6935D1551A53E7A800BCE45F /* MineSweeper */;
			targetProxy = 6935D1701A53E7A800BCE45F /* PBXContainerItemProxy */;
		};
/* End PBXTargetDependency section */

/* Begin PBXVariantGroup section */
		6935D1681A53E7A800BCE45F /* LaunchScreen.xib */ = {
			isa = PBXVariantGroup;
			children = (
				6935D1691A53E7A800BCE45F /* Base */,
			);
			name = LaunchScreen.xib;
			sourceTree = "<group>";
		};
/* End PBXVariantGroup section */

/* Begin XCBuildConfiguration section */
		6935D1771A53E7A800BCE45F /* Debug */ = {
			isa = XCBuildConfiguration;
			buildSettings = {
				ALWAYS_SEARCH_USER_PATHS = NO;
				CLANG_CXX_LANGUAGE_STANDARD = "gnu++0x";
				CLANG_CXX_LIBRARY = "libc++";
				CLANG_ENABLE_MODULES = YES;
				CLANG_ENABLE_OBJC_ARC = YES;
				CLANG_WARN_BOOL_CONVERSION = YES;
				CLANG_WARN_CONSTANT_CONVERSION = YES;
				CLANG_WARN_DIRECT_OBJC_ISA_USAGE = YES_ERROR;
				CLANG_WARN_EMPTY_BODY = YES;
				CLANG_WARN_ENUM_CONVERSION = YES;
				CLANG_WARN_INT_CONVERSION = YES;
				CLANG_WARN_OBJC_ROOT_CLASS = YES_ERROR;
				CLANG_WARN_UNREACHABLE_CODE = YES;
				CLANG_WARN__DUPLICATE_METHOD_MATCH = YES;
				CODE_SIGN_IDENTITY = "iPhone Developer";
				"CODE_SIGN_IDENTITY[sdk=iphoneos*]" = "iPhone Developer";
				COPY_PHASE_STRIP = NO;
				ENABLE_STRICT_OBJC_MSGSEND = YES;
				GCC_C_LANGUAGE_STANDARD = gnu99;
				GCC_DYNAMIC_NO_PIC = NO;
				GCC_OPTIMIZATION_LEVEL = 0;
				GCC_PREPROCESSOR_DEFINITIONS = (
					"DEBUG=1",
					"$(inherited)",
				);
				GCC_SYMBOLS_PRIVATE_EXTERN = NO;
				GCC_WARN_64_TO_32_BIT_CONVERSION = YES;
				GCC_WARN_ABOUT_RETURN_TYPE = YES_ERROR;
				GCC_WARN_UNDECLARED_SELECTOR = YES;
				GCC_WARN_UNINITIALIZED_AUTOS = YES_AGGRESSIVE;
				GCC_WARN_UNUSED_FUNCTION = YES;
				GCC_WARN_UNUSED_VARIABLE = YES;
				IPHONEOS_DEPLOYMENT_TARGET = 8.0;
				MTL_ENABLE_DEBUG_INFO = YES;
				ONLY_ACTIVE_ARCH = YES;
				PROVISIONING_PROFILE = "";
				SDKROOT = iphoneos;
				TARGETED_DEVICE_FAMILY = "1,2";
			};
			name = Debug;
		};
		6935D1781A53E7A800BCE45F /* Release */ = {
			isa = XCBuildConfiguration;
			buildSettings = {
				ALWAYS_SEARCH_USER_PATHS = NO;
				CLANG_CXX_LANGUAGE_STANDARD = "gnu++0x";
				CLANG_CXX_LIBRARY = "libc++";
				CLANG_ENABLE_MODULES = YES;
				CLANG_ENABLE_OBJC_ARC = YES;
				CLANG_WARN_BOOL_CONVERSION = YES;
				CLANG_WARN_CONSTANT_CONVERSION = YES;
				CLANG_WARN_DIRECT_OBJC_ISA_USAGE = YES_ERROR;
				CLANG_WARN_EMPTY_BODY = YES;
				CLANG_WARN_ENUM_CONVERSION = YES;
				CLANG_WARN_INT_CONVERSION = YES;
				CLANG_WARN_OBJC_ROOT_CLASS = YES_ERROR;
				CLANG_WARN_UNREACHABLE_CODE = YES;
				CLANG_WARN__DUPLICATE_METHOD_MATCH = YES;
				CODE_SIGN_IDENTITY = "iPhone Developer";
				"CODE_SIGN_IDENTITY[sdk=iphoneos*]" = "iPhone Developer";
				COPY_PHASE_STRIP = YES;
				ENABLE_NS_ASSERTIONS = NO;
				ENABLE_STRICT_OBJC_MSGSEND = YES;
				GCC_C_LANGUAGE_STANDARD = gnu99;
				GCC_WARN_64_TO_32_BIT_CONVERSION = YES;
				GCC_WARN_ABOUT_RETURN_TYPE = YES_ERROR;
				GCC_WARN_UNDECLARED_SELECTOR = YES;
				GCC_WARN_UNINITIALIZED_AUTOS = YES_AGGRESSIVE;
				GCC_WARN_UNUSED_FUNCTION = YES;
				GCC_WARN_UNUSED_VARIABLE = YES;
				IPHONEOS_DEPLOYMENT_TARGET = 8.0;
				MTL_ENABLE_DEBUG_INFO = NO;
				PROVISIONING_PROFILE = "";
				SDKROOT = iphoneos;
				TARGETED_DEVICE_FAMILY = "1,2";
				VALIDATE_PRODUCT = YES;
			};
			name = Release;
		};
		6935D17A1A53E7A800BCE45F /* Debug */ = {
			isa = XCBuildConfiguration;
			baseConfigurationReference = 5BF46FDD43E4E77BE909263C /* Pods.debug.xcconfig */;
			buildSettings = {
				ASSETCATALOG_COMPILER_APPICON_NAME = AppIcon;
				CODE_SIGN_IDENTITY = "iPhone Developer";
				FRAMEWORK_SEARCH_PATHS = (
					"$(inherited)",
					"$(PROJECT_DIR)",
				);
				INFOPLIST_FILE = MineSweeper/Info.plist;
				LD_RUNPATH_SEARCH_PATHS = "$(inherited) @executable_path/Frameworks";
				LIBRARY_SEARCH_PATHS = (
					"$(inherited)",
					"$(PROJECT_DIR)",
				);
				PRODUCT_NAME = "$(TARGET_NAME)";
				PROVISIONING_PROFILE = "";
			};
			name = Debug;
		};
		6935D17B1A53E7A800BCE45F /* Release */ = {
			isa = XCBuildConfiguration;
			baseConfigurationReference = 30C2A0FEFCD6A0021794EED8 /* Pods.release.xcconfig */;
			buildSettings = {
				ASSETCATALOG_COMPILER_APPICON_NAME = AppIcon;
				CODE_SIGN_IDENTITY = "iPhone Developer";
				FRAMEWORK_SEARCH_PATHS = (
					"$(inherited)",
					"$(PROJECT_DIR)",
				);
				INFOPLIST_FILE = MineSweeper/Info.plist;
				LD_RUNPATH_SEARCH_PATHS = "$(inherited) @executable_path/Frameworks";
				LIBRARY_SEARCH_PATHS = (
					"$(inherited)",
					"$(PROJECT_DIR)",
				);
				PRODUCT_NAME = "$(TARGET_NAME)";
				PROVISIONING_PROFILE = "";
			};
			name = Release;
		};
		6935D17D1A53E7A800BCE45F /* Debug */ = {
			isa = XCBuildConfiguration;
			buildSettings = {
				BUNDLE_LOADER = "$(TEST_HOST)";
				CODE_SIGN_IDENTITY = "iPhone Developer";
				"CODE_SIGN_IDENTITY[sdk=iphoneos*]" = "iPhone Developer";
				FRAMEWORK_SEARCH_PATHS = (
					"$(SDKROOT)/Developer/Library/Frameworks",
					"$(inherited)",
				);
				GCC_PREPROCESSOR_DEFINITIONS = (
					"DEBUG=1",
					"$(inherited)",
				);
				INFOPLIST_FILE = MineSweeperTests/Info.plist;
				LD_RUNPATH_SEARCH_PATHS = "$(inherited) @executable_path/Frameworks @loader_path/Frameworks";
				PRODUCT_NAME = "$(TARGET_NAME)";
				PROVISIONING_PROFILE = "";
				TEST_HOST = "$(BUILT_PRODUCTS_DIR)/MineSweeper.app/MineSweeper";
			};
			name = Debug;
		};
		6935D17E1A53E7A800BCE45F /* Release */ = {
			isa = XCBuildConfiguration;
			buildSettings = {
				BUNDLE_LOADER = "$(TEST_HOST)";
				CODE_SIGN_IDENTITY = "iPhone Developer";
				"CODE_SIGN_IDENTITY[sdk=iphoneos*]" = "iPhone Developer";
				FRAMEWORK_SEARCH_PATHS = (
					"$(SDKROOT)/Developer/Library/Frameworks",
					"$(inherited)",
				);
				INFOPLIST_FILE = MineSweeperTests/Info.plist;
				LD_RUNPATH_SEARCH_PATHS = "$(inherited) @executable_path/Frameworks @loader_path/Frameworks";
				PRODUCT_NAME = "$(TARGET_NAME)";
				PROVISIONING_PROFILE = "";
				TEST_HOST = "$(BUILT_PRODUCTS_DIR)/MineSweeper.app/MineSweeper";
			};
			name = Release;
		};
/* End XCBuildConfiguration section */

/* Begin XCConfigurationList section */
		6935D1511A53E7A800BCE45F /* Build configuration list for PBXProject "MineSweeper" */ = {
			isa = XCConfigurationList;
			buildConfigurations = (
				6935D1771A53E7A800BCE45F /* Debug */,
				6935D1781A53E7A800BCE45F /* Release */,
			);
			defaultConfigurationIsVisible = 0;
			defaultConfigurationName = Release;
		};
		6935D1791A53E7A800BCE45F /* Build configuration list for PBXNativeTarget "MineSweeper" */ = {
			isa = XCConfigurationList;
			buildConfigurations = (
				6935D17A1A53E7A800BCE45F /* Debug */,
				6935D17B1A53E7A800BCE45F /* Release */,
			);
			defaultConfigurationIsVisible = 0;
			defaultConfigurationName = Release;
		};
		6935D17C1A53E7A800BCE45F /* Build configuration list for PBXNativeTarget "MineSweeperTests" */ = {
			isa = XCConfigurationList;
			buildConfigurations = (
				6935D17D1A53E7A800BCE45F /* Debug */,
				6935D17E1A53E7A800BCE45F /* Release */,
			);
			defaultConfigurationIsVisible = 0;
			defaultConfigurationName = Release;
		};
/* End XCConfigurationList section */
	};
	rootObject = 6935D14E1A53E7A800BCE45F /* Project object */;
}
