// !$*UTF8*$!
{
	archiveVersion = 1;
	classes = {
	};
	objectVersion = 46;
	objects = {

/* Begin PBXBuildFile section */
		6935D15C1A53E7A800BCE45F /* main.m in Sources */ = {isa = PBXBuildFile; fileRef = 6935D15B1A53E7A800BCE45F /* main.m */; };
		6935D15F1A53E7A800BCE45F /* AppDelegate.m in Sources */ = {isa = PBXBuildFile; fileRef = 6935D15E1A53E7A800BCE45F /* AppDelegate.m */; };
		6935D1621A53E7A800BCE45F /* ViewController.m in Sources */ = {isa = PBXBuildFile; fileRef = 6935D1611A53E7A800BCE45F /* ViewController.m */; };
		6935D1651A53E7A800BCE45F /* Main.storyboard in Resources */ = {isa = PBXBuildFile; fileRef = 6935D1631A53E7A800BCE45F /* Main.storyboard */; };
		6935D1671A53E7A800BCE45F /* Images.xcassets in Resources */ = {isa = PBXBuildFile; fileRef = 6935D1661A53E7A800BCE45F /* Images.xcassets */; };
		6935D16A1A53E7A800BCE45F /* LaunchScreen.xib in Resources */ = {isa = PBXBuildFile; fileRef = 6935D1681A53E7A800BCE45F /* LaunchScreen.xib */; };
		6935D1761A53E7A800BCE45F /* MineSweeperTests.m in Sources */ = {isa = PBXBuildFile; fileRef = 6935D1751A53E7A800BCE45F /* MineSweeperTests.m */; };
/* End PBXBuildFile section */

/* Begin PBXContainerItemProxy section */
		6935D1701A53E7A800BCE45F /* PBXContainerItemProxy */ = {
			isa = PBXContainerItemProxy;
			containerPortal = 6935D14E1A53E7A800BCE45F /* Project object */;
			proxyType = 1;
			remoteGlobalIDString = 6935D1551A53E7A800BCE45F;
			remoteInfo = MineSweeper;
		};
/* End PBXContainerItemProxy section */

/* Begin PBXFileReference section */
		6935D1561A53E7A800BCE45F /* MineSweeper.app */ = {isa = PBXFileReference; explicitFileType = wrapper.application; includeInIndex = 0; path = MineSweeper.app; sourceTree = BUILT_PRODUCTS_DIR; };
		6935D15A1A53E7A800BCE45F /* Info.plist */ = {isa = PBXFileReference; lastKnownFileType = text.plist.xml; path = Info.plist; sourceTree = "<group>"; };
		6935D15B1A53E7A800BCE45F /* main.m */ = {isa = PBXFileReference; lastKnownFileType = sourcecode.c.objc; path = main.m; sourceTree = "<group>"; };
		6935D15D1A53E7A800BCE45F /* AppDelegate.h */ = {isa = PBXFileReference; lastKnownFileType = sourcecode.c.h; path = AppDelegate.h; sourceTree = "<group>"; };
		6935D15E1A53E7A800BCE45F /* AppDelegate.m */ = {isa = PBXFileReference; lastKnownFileType = sourcecode.c.objc; path = AppDelegate.m; sourceTree = "<group>"; };
		6935D1601A53E7A800BCE45F /* ViewController.h */ = {isa = PBXFileReference; lastKnownFileType = sourcecode.c.h; path = ViewController.h; sourceTree = "<group>"; };
		6935D1611A53E7A800BCE45F /* ViewController.m */ = {isa = PBXFileReference; lastKnownFileType = sourcecode.c.objc; path = ViewController.m; sourceTree = "<group>"; };
		6935D1641A53E7A800BCE45F /* Base */ = {isa = PBXFileReference; lastKnownFileType = file.storyboard; name = Base; path = Base.lproj/Main.storyboard; sourceTree = "<group>"; };
		6935D1661A53E7A800BCE45F /* Images.xcassets */ = {isa = PBXFileReference; lastKnownFileType = folder.assetcatalog; path = Images.xcassets; sourceTree = "<group>"; };
		6935D1691A53E7A800BCE45F /* Base */ = {isa = PBXFileReference; lastKnownFileType = file.xib; name = Base; path = Base.lproj/LaunchScreen.xib; sourceTree = "<group>"; };
		6935D16F1A53E7A800BCE45F /* MineSweeperTests.xctest */ = {isa = PBXFileReference; explicitFileType = wrapper.cfbundle; includeInIndex = 0; path = MineSweeperTests.xctest; sourceTree = BUILT_PRODUCTS_DIR; };
		6935D1741A53E7A800BCE45F /* Info.plist */ = {isa = PBXFileReference; lastKnownFileType = text.plist.xml; path = Info.plist; sourceTree = "<group>"; };
		6935D1751A53E7A800BCE45F /* MineSweeperTests.m */ = {isa = PBXFileReference; lastKnownFileType = sourcecode.c.objc; path = MineSweeperTests.m; sourceTree = "<group>"; };
/* End PBXFileReference section */

/* Begin PBXFrameworksBuildPhase section */
		6935D1531A53E7A800BCE45F /* Frameworks */ = {
			isa = PBXFrameworksBuildPhase;
			buildActionMask = 2147483647;
			files = (
			);
			runOnlyForDeploymentPostprocessing = 0;
		};
		6935D16C1A53E7A800BCE45F /* Frameworks */ = {
			isa = PBXFrameworksBuildPhase;
			buildActionMask = 2147483647;
			files = (
			);
			runOnlyForDeploymentPostprocessing = 0;
		};
/* End PBXFrameworksBuildPhase section */

/* Begin PBXGroup section */
		6935D14D1A53E7A800BCE45F = {
			isa = PBXGroup;
			children = (
				6935D1581A53E7A800BCE45F /* MineSweeper */,
				6935D1721A53E7A800BCE45F /* MineSweeperTests */,
				6935D1571A53E7A800BCE45F /* Products */,
			);
			sourceTree = "<group>";
		};
		6935D1571A53E7A800BCE45F /* Products */ = {
			isa = PBXGroup;
			children = (
				6935D1561A53E7A800BCE45F /* MineSweeper.app */,
				6935D16F1A53E7A800BCE45F /* MineSweeperTests.xctest */,
			);
			name = Products;
			sourceTree = "<group>";
		};
		6935D1581A53E7A800BCE45F /* MineSweeper */ = {
			isa = PBXGroup;
			children = (
				6935D15D1A53E7A800BCE45F /* AppDelegate.h */,
				6935D15E1A53E7A800BCE45F /* AppDelegate.m */,
				6935D1601A53E7A800BCE45F /* ViewController.h */,
				6935D1611A53E7A800BCE45F /* ViewController.m */,
				6935D1631A53E7A800BCE45F /* Main.storyboard */,
				6935D1661A53E7A800BCE45F /* Images.xcassets */,
				6935D1681A53E7A800BCE45F /* LaunchScreen.xib */,
				6935D1591A53E7A800BCE45F /* Supporting Files */,
			);
			path = MineSweeper;
			sourceTree = "<group>";
		};
		6935D1591A53E7A800BCE45F /* Supporting Files */ = {
			isa = PBXGroup;
			children = (
				6935D15A1A53E7A800BCE45F /* Info.plist */,
				6935D15B1A53E7A800BCE45F /* main.m */,
			);
			name = "Supporting Files";
			sourceTree = "<group>";
		};
		6935D1721A53E7A800BCE45F /* MineSweeperTests */ = {
			isa = PBXGroup;
			children = (
				6935D1751A53E7A800BCE45F /* MineSweeperTests.m */,
				6935D1731A53E7A800BCE45F /* Supporting Files */,
			);
			path = MineSweeperTests;
			sourceTree = "<group>";
		};
		6935D1731A53E7A800BCE45F /* Supporting Files */ = {
			isa = PBXGroup;
			children = (
				6935D1741A53E7A800BCE45F /* Info.plist */,
			);
			name = "Supporting Files";
			sourceTree = "<group>";
		};
/* End PBXGroup section */

/* Begin PBXNativeTarget section */
		6935D1551A53E7A800BCE45F /* MineSweeper */ = {
			isa = PBXNativeTarget;
			buildConfigurationList = 6935D1791A53E7A800BCE45F /* Build configuration list for PBXNativeTarget "MineSweeper" */;
			buildPhases = (
				6935D1521A53E7A800BCE45F /* Sources */,
				6935D1531A53E7A800BCE45F /* Frameworks */,
				6935D1541A53E7A800BCE45F /* Resources */,
			);
			buildRules = (
			);
			dependencies = (
			);
			name = MineSweeper;
			productName = MineSweeper;
			productReference = 6935D1561A53E7A800BCE45F /* MineSweeper.app */;
			productType = "com.apple.product-type.application";
		};
		6935D16E1A53E7A800BCE45F /* MineSweeperTests */ = {
			isa = PBXNativeTarget;
			buildConfigurationList = 6935D17C1A53E7A800BCE45F /* Build configuration list for PBXNativeTarget "MineSweeperTests" */;
			buildPhases = (
				6935D16B1A53E7A800BCE45F /* Sources */,
				6935D16C1A53E7A800BCE45F /* Frameworks */,
				6935D16D1A53E7A800BCE45F /* Resources */,
			);
			buildRules = (
			);
			dependencies = (
				6935D1711A53E7A800BCE45F /* PBXTargetDependency */,
			);
			name = MineSweeperTests;
			productName = MineSweeperTests;
			productReference = 6935D16F1A53E7A800BCE45F /* MineSweeperTests.xctest */;
			productType = "com.apple.product-type.bundle.unit-test";
		};
/* End PBXNativeTarget section */

/* Begin PBXProject section */
		6935D14E1A53E7A800BCE45F /* Project object */ = {
			isa = PBXProject;
			attributes = {
				LastUpgradeCheck = 0610;
				ORGANIZATIONNAME = SatoDaisuke;
				TargetAttributes = {
					6935D1551A53E7A800BCE45F = {
						CreatedOnToolsVersion = 6.1.1;
					};
					6935D16E1A53E7A800BCE45F = {
						CreatedOnToolsVersion = 6.1.1;
						TestTargetID = 6935D1551A53E7A800BCE45F;
					};
				};
			};
			buildConfigurationList = 6935D1511A53E7A800BCE45F /* Build configuration list for PBXProject "MineSweeper" */;
			compatibilityVersion = "Xcode 3.2";
			developmentRegion = English;
			hasScannedForEncodings = 0;
			knownRegions = (
				en,
				Base,
			);
			mainGroup = 6935D14D1A53E7A800BCE45F;
			productRefGroup = 6935D1571A53E7A800BCE45F /* Products */;
			projectDirPath = "";
			projectRoot = "";
			targets = (
				6935D1551A53E7A800BCE45F /* MineSweeper */,
				6935D16E1A53E7A800BCE45F /* MineSweeperTests */,
			);
		};
/* End PBXProject section */

/* Begin PBXResourcesBuildPhase section */
		6935D1541A53E7A800BCE45F /* Resources */ = {
			isa = PBXResourcesBuildPhase;
			buildActionMask = 2147483647;
			files = (
				6935D1651A53E7A800BCE45F /* Main.storyboard in Resources */,
				6935D16A1A53E7A800BCE45F /* LaunchScreen.xib in Resources */,
				6935D1671A53E7A800BCE45F /* Images.xcassets in Resources */,
			);
			runOnlyForDeploymentPostprocessing = 0;
		};
		6935D16D1A53E7A800BCE45F /* Resources */ = {
			isa = PBXResourcesBuildPhase;
			buildActionMask = 2147483647;
			files = (
			);
			runOnlyForDeploymentPostprocessing = 0;
		};
/* End PBXResourcesBuildPhase section */

/* Begin PBXSourcesBuildPhase section */
		6935D1521A53E7A800BCE45F /* Sources */ = {
			isa = PBXSourcesBuildPhase;
			buildActionMask = 2147483647;
			files = (
				6935D1621A53E7A800BCE45F /* ViewController.m in Sources */,
				6935D15F1A53E7A800BCE45F /* AppDelegate.m in Sources */,
				6935D15C1A53E7A800BCE45F /* main.m in Sources */,
			);
			runOnlyForDeploymentPostprocessing = 0;
		};
		6935D16B1A53E7A800BCE45F /* Sources */ = {
			isa = PBXSourcesBuildPhase;
			buildActionMask = 2147483647;
			files = (
				6935D1761A53E7A800BCE45F /* MineSweeperTests.m in Sources */,
			);
			runOnlyForDeploymentPostprocessing = 0;
		};
/* End PBXSourcesBuildPhase section */

/* Begin PBXTargetDependency section */
		6935D1711A53E7A800BCE45F /* PBXTargetDependency */ = {
			isa = PBXTargetDependency;
			target = 6935D1551A53E7A800BCE45F /* MineSweeper */;
			targetProxy = 6935D1701A53E7A800BCE45F /* PBXContainerItemProxy */;
		};
/* End PBXTargetDependency section */

/* Begin PBXVariantGroup section */
		6935D1631A53E7A800BCE45F /* Main.storyboard */ = {
			isa = PBXVariantGroup;
			children = (
				6935D1641A53E7A800BCE45F /* Base */,
			);
			name = Main.storyboard;
			sourceTree = "<group>";
		};
		6935D1681A53E7A800BCE45F /* LaunchScreen.xib */ = {
			isa = PBXVariantGroup;
			children = (
				6935D1691A53E7A800BCE45F /* Base */,
			);
			name = LaunchScreen.xib;
			sourceTree = "<group>";
		};
/* End PBXVariantGroup section */

/* Begin XCBuildConfiguration section */
		6935D1771A53E7A800BCE45F /* Debug */ = {
			isa = XCBuildConfiguration;
			buildSettings = {
				ALWAYS_SEARCH_USER_PATHS = NO;
				CLANG_CXX_LANGUAGE_STANDARD = "gnu++0x";
				CLANG_CXX_LIBRARY = "libc++";
				CLANG_ENABLE_MODULES = YES;
				CLANG_ENABLE_OBJC_ARC = YES;
				CLANG_WARN_BOOL_CONVERSION = YES;
				CLANG_WARN_CONSTANT_CONVERSION = YES;
				CLANG_WARN_DIRECT_OBJC_ISA_USAGE = YES_ERROR;
				CLANG_WARN_EMPTY_BODY = YES;
				CLANG_WARN_ENUM_CONVERSION = YES;
				CLANG_WARN_INT_CONVERSION = YES;
				CLANG_WARN_OBJC_ROOT_CLASS = YES_ERROR;
				CLANG_WARN_UNREACHABLE_CODE = YES;
				CLANG_WARN__DUPLICATE_METHOD_MATCH = YES;
				"CODE_SIGN_IDENTITY[sdk=iphoneos*]" = "iPhone Developer";
				COPY_PHASE_STRIP = NO;
				ENABLE_STRICT_OBJC_MSGSEND = YES;
				GCC_C_LANGUAGE_STANDARD = gnu99;
				GCC_DYNAMIC_NO_PIC = NO;
				GCC_OPTIMIZATION_LEVEL = 0;
				GCC_PREPROCESSOR_DEFINITIONS = (
					"DEBUG=1",
					"$(inherited)",
				);
				GCC_SYMBOLS_PRIVATE_EXTERN = NO;
				GCC_WARN_64_TO_32_BIT_CONVERSION = YES;
				GCC_WARN_ABOUT_RETURN_TYPE = YES_ERROR;
				GCC_WARN_UNDECLARED_SELECTOR = YES;
				GCC_WARN_UNINITIALIZED_AUTOS = YES_AGGRESSIVE;
				GCC_WARN_UNUSED_FUNCTION = YES;
				GCC_WARN_UNUSED_VARIABLE = YES;
				IPHONEOS_DEPLOYMENT_TARGET = 8.1;
				MTL_ENABLE_DEBUG_INFO = YES;
				ONLY_ACTIVE_ARCH = YES;
				SDKROOT = iphoneos;
				TARGETED_DEVICE_FAMILY = "1,2";
			};
			name = Debug;
		};
		6935D1781A53E7A800BCE45F /* Release */ = {
			isa = XCBuildConfiguration;
			buildSettings = {
				ALWAYS_SEARCH_USER_PATHS = NO;
				CLANG_CXX_LANGUAGE_STANDARD = "gnu++0x";
				CLANG_CXX_LIBRARY = "libc++";
				CLANG_ENABLE_MODULES = YES;
				CLANG_ENABLE_OBJC_ARC = YES;
				CLANG_WARN_BOOL_CONVERSION = YES;
				CLANG_WARN_CONSTANT_CONVERSION = YES;
				CLANG_WARN_DIRECT_OBJC_ISA_USAGE = YES_ERROR;
				CLANG_WARN_EMPTY_BODY = YES;
				CLANG_WARN_ENUM_CONVERSION = YES;
				CLANG_WARN_INT_CONVERSION = YES;
				CLANG_WARN_OBJC_ROOT_CLASS = YES_ERROR;
				CLANG_WARN_UNREACHABLE_CODE = YES;
				CLANG_WARN__DUPLICATE_METHOD_MATCH = YES;
				"CODE_SIGN_IDENTITY[sdk=iphoneos*]" = "iPhone Developer";
				COPY_PHASE_STRIP = YES;
				ENABLE_NS_ASSERTIONS = NO;
				ENABLE_STRICT_OBJC_MSGSEND = YES;
				GCC_C_LANGUAGE_STANDARD = gnu99;
				GCC_WARN_64_TO_32_BIT_CONVERSION = YES;
				GCC_WARN_ABOUT_RETURN_TYPE = YES_ERROR;
				GCC_WARN_UNDECLARED_SELECTOR = YES;
				GCC_WARN_UNINITIALIZED_AUTOS = YES_AGGRESSIVE;
				GCC_WARN_UNUSED_FUNCTION = YES;
				GCC_WARN_UNUSED_VARIABLE = YES;
				IPHONEOS_DEPLOYMENT_TARGET = 8.1;
				MTL_ENABLE_DEBUG_INFO = NO;
				SDKROOT = iphoneos;
				TARGETED_DEVICE_FAMILY = "1,2";
				VALIDATE_PRODUCT = YES;
			};
			name = Release;
		};
		6935D17A1A53E7A800BCE45F /* Debug */ = {
			isa = XCBuildConfiguration;
			buildSettings = {
				ASSETCATALOG_COMPILER_APPICON_NAME = AppIcon;
				INFOPLIST_FILE = MineSweeper/Info.plist;
				LD_RUNPATH_SEARCH_PATHS = "$(inherited) @executable_path/Frameworks";
				PRODUCT_NAME = "$(TARGET_NAME)";
			};
			name = Debug;
		};
		6935D17B1A53E7A800BCE45F /* Release */ = {
			isa = XCBuildConfiguration;
			buildSettings = {
				ASSETCATALOG_COMPILER_APPICON_NAME = AppIcon;
				INFOPLIST_FILE = MineSweeper/Info.plist;
				LD_RUNPATH_SEARCH_PATHS = "$(inherited) @executable_path/Frameworks";
				PRODUCT_NAME = "$(TARGET_NAME)";
			};
			name = Release;
		};
		6935D17D1A53E7A800BCE45F /* Debug */ = {
			isa = XCBuildConfiguration;
			buildSettings = {
				BUNDLE_LOADER = "$(TEST_HOST)";
				FRAMEWORK_SEARCH_PATHS = (
					"$(SDKROOT)/Developer/Library/Frameworks",
					"$(inherited)",
				);
				GCC_PREPROCESSOR_DEFINITIONS = (
					"DEBUG=1",
					"$(inherited)",
				);
				INFOPLIST_FILE = MineSweeperTests/Info.plist;
				LD_RUNPATH_SEARCH_PATHS = "$(inherited) @executable_path/Frameworks @loader_path/Frameworks";
				PRODUCT_NAME = "$(TARGET_NAME)";
				TEST_HOST = "$(BUILT_PRODUCTS_DIR)/MineSweeper.app/MineSweeper";
			};
			name = Debug;
		};
		6935D17E1A53E7A800BCE45F /* Release */ = {
			isa = XCBuildConfiguration;
			buildSettings = {
				BUNDLE_LOADER = "$(TEST_HOST)";
				FRAMEWORK_SEARCH_PATHS = (
					"$(SDKROOT)/Developer/Library/Frameworks",
					"$(inherited)",
				);
				INFOPLIST_FILE = MineSweeperTests/Info.plist;
				LD_RUNPATH_SEARCH_PATHS = "$(inherited) @executable_path/Frameworks @loader_path/Frameworks";
				PRODUCT_NAME = "$(TARGET_NAME)";
				TEST_HOST = "$(BUILT_PRODUCTS_DIR)/MineSweeper.app/MineSweeper";
			};
			name = Release;
		};
/* End XCBuildConfiguration section */

/* Begin XCConfigurationList section */
		6935D1511A53E7A800BCE45F /* Build configuration list for PBXProject "MineSweeper" */ = {
			isa = XCConfigurationList;
			buildConfigurations = (
				6935D1771A53E7A800BCE45F /* Debug */,
				6935D1781A53E7A800BCE45F /* Release */,
			);
			defaultConfigurationIsVisible = 0;
			defaultConfigurationName = Release;
		};
		6935D1791A53E7A800BCE45F /* Build configuration list for PBXNativeTarget "MineSweeper" */ = {
			isa = XCConfigurationList;
			buildConfigurations = (
				6935D17A1A53E7A800BCE45F /* Debug */,
				6935D17B1A53E7A800BCE45F /* Release */,
			);
			defaultConfigurationIsVisible = 0;
		};
		6935D17C1A53E7A800BCE45F /* Build configuration list for PBXNativeTarget "MineSweeperTests" */ = {
			isa = XCConfigurationList;
			buildConfigurations = (
				6935D17D1A53E7A800BCE45F /* Debug */,
				6935D17E1A53E7A800BCE45F /* Release */,
			);
			defaultConfigurationIsVisible = 0;
		};
/* End XCConfigurationList section */
	};
	rootObject = 6935D14E1A53E7A800BCE45F /* Project object */;
}
